
Microsoft Visual Studio Solution File, Format Version 12.00
# Visual Studio Version 17
VisualStudioVersion = 17.3.32929.385
MinimumVisualStudioVersion = 10.0.40219.1
Project("{FAE04EC0-301F-11D3-BF4B-00C04F79EFBC}") = "Matchgame", "Matchgame\Matchgame.csproj", "{12529475-B80C-4058-BDAC-686041B53DD8}"
EndProject
Global
	GlobalSection(SolutionConfigurationPlatforms) = preSolution
		Debug|Any CPU = Debug|Any CPU
		Release|Any CPU = Release|Any CPU
	EndGlobalSection
	GlobalSection(ProjectConfigurationPlatforms) = postSolution
		{12529475-B80C-4058-BDAC-686041B53DD8}.Debug|Any CPU.ActiveCfg = Debug|Any CPU
		{12529475-B80C-4058-BDAC-686041B53DD8}.Debug|Any CPU.Build.0 = Debug|Any CPU
		{12529475-B80C-4058-BDAC-686041B53DD8}.Release|Any CPU.ActiveCfg = Release|Any CPU
		{12529475-B80C-4058-BDAC-686041B53DD8}.Release|Any CPU.Build.0 = Release|Any CPU
	EndGlobalSection
	GlobalSection(SolutionProperties) = preSolution
		HideSolutionNode = FALSE
	EndGlobalSection
	GlobalSection(ExtensibilityGlobals) = postSolution
		SolutionGuid = {C17415BF-B1C4-41F0-B174-E0F879D0E9E2}
	EndGlobalSection
EndGlobal
